
Microsoft Visual Studio Solution File, Format Version 12.00
# Visual Studio Version 16
VisualStudioVersion = 16.0.32510.428
MinimumVisualStudioVersion = 10.0.40219.1
Project("{FAE04EC0-301F-11D3-BF4B-00C04F79EFBC}") = "TM4EMPTY", "TM4EMPTY.csproj", "{AA9FE455-5C6E-4D40-85B6-197986484F69}"
EndProject
Global
	GlobalSection(SolutionConfigurationPlatforms) = preSolution
		Debug|Any CPU = Debug|Any CPU
		Release|Any CPU = Release|Any CPU
	EndGlobalSection
	GlobalSection(ProjectConfigurationPlatforms) = postSolution
		{AA9FE455-5C6E-4D40-85B6-197986484F69}.Debug|Any CPU.ActiveCfg = Debug|Any CPU
		{AA9FE455-5C6E-4D40-85B6-197986484F69}.Debug|Any CPU.Build.0 = Debug|Any CPU
		{AA9FE455-5C6E-4D40-85B6-197986484F69}.Release|Any CPU.ActiveCfg = Release|Any CPU
		{AA9FE455-5C6E-4D40-85B6-197986484F69}.Release|Any CPU.Build.0 = Release|Any CPU
	EndGlobalSection
	GlobalSection(SolutionProperties) = preSolution
		HideSolutionNode = FALSE
	EndGlobalSection
	GlobalSection(ExtensibilityGlobals) = postSolution
		SolutionGuid = {92A83F28-2015-4C95-B9FF-8C7012021F95}
	EndGlobalSection
EndGlobal
